
Microsoft Visual Studio Solution File, Format Version 12.00
# Visual Studio Version 17
VisualStudioVersion = 17.8.34511.84
MinimumVisualStudioVersion = 10.0.40219.1
Project("{9A19103F-16F7-4668-BE54-9A1E7A4F7556}") = "Milewski_Library", "Milewski_Library.csproj", "{20B07FD1-E083-4A4F-A647-A862E35C98F5}"
EndProject
Global
	GlobalSection(SolutionConfigurationPlatforms) = preSolution
		Debug|Any CPU = Debug|Any CPU
		Release|Any CPU = Release|Any CPU
	EndGlobalSection
	GlobalSection(ProjectConfigurationPlatforms) = postSolution
		{20B07FD1-E083-4A4F-A647-A862E35C98F5}.Debug|Any CPU.ActiveCfg = Debug|Any CPU
		{20B07FD1-E083-4A4F-A647-A862E35C98F5}.Debug|Any CPU.Build.0 = Debug|Any CPU
		{20B07FD1-E083-4A4F-A647-A862E35C98F5}.Release|Any CPU.ActiveCfg = Release|Any CPU
		{20B07FD1-E083-4A4F-A647-A862E35C98F5}.Release|Any CPU.Build.0 = Release|Any CPU
	EndGlobalSection
	GlobalSection(SolutionProperties) = preSolution
		HideSolutionNode = FALSE
	EndGlobalSection
	GlobalSection(ExtensibilityGlobals) = postSolution
		SolutionGuid = {D0E7BEB0-808B-4B64-8505-99E96AADC433}
	EndGlobalSection
EndGlobal
